
Microsoft Visual Studio Solution File, Format Version 12.00
# Visual Studio 14
VisualStudioVersion = 14.0.24720.0
MinimumVisualStudioVersion = 10.0.40219.1
Project("{FAE04EC0-301F-11D3-BF4B-00C04F79EFBC}") = "BloodBankScheduler", "BloodBankScheduler\BloodBankScheduler.csproj", "{AF3DBD44-53A8-49AA-965A-18DD78BCD2AE}"
EndProject
Project("{FAE04EC0-301F-11D3-BF4B-00C04F79EFBC}") = "BloodBankData", "..\BloodBankService\BloodBankData\BloodBankData.csproj", "{A3B05B03-0938-4052-9A0E-C591DF85CF25}"
EndProject
Project("{FAE04EC0-301F-11D3-BF4B-00C04F79EFBC}") = "BloodBankProvider", "..\BloodBankService\BloodBankProvider\BloodBankProvider.csproj", "{C9CF5C63-DADB-4C9B-825A-C591196CEC04}"
EndProject
Project("{FAE04EC0-301F-11D3-BF4B-00C04F79EFBC}") = "TwitterApi", "..\TwitterApi\TwitterApi.csproj", "{49E60C59-12BD-4A27-98B2-2E7DF055C3D3}"
EndProject
Global
	GlobalSection(SolutionConfigurationPlatforms) = preSolution
		Debug|Any CPU = Debug|Any CPU
		Release|Any CPU = Release|Any CPU
	EndGlobalSection
	GlobalSection(ProjectConfigurationPlatforms) = postSolution
		{AF3DBD44-53A8-49AA-965A-18DD78BCD2AE}.Debug|Any CPU.ActiveCfg = Debug|Any CPU
		{AF3DBD44-53A8-49AA-965A-18DD78BCD2AE}.Debug|Any CPU.Build.0 = Debug|Any CPU
		{AF3DBD44-53A8-49AA-965A-18DD78BCD2AE}.Release|Any CPU.ActiveCfg = Release|Any CPU
		{AF3DBD44-53A8-49AA-965A-18DD78BCD2AE}.Release|Any CPU.Build.0 = Release|Any CPU
		{A3B05B03-0938-4052-9A0E-C591DF85CF25}.Debug|Any CPU.ActiveCfg = Debug|Any CPU
		{A3B05B03-0938-4052-9A0E-C591DF85CF25}.Debug|Any CPU.Build.0 = Debug|Any CPU
		{A3B05B03-0938-4052-9A0E-C591DF85CF25}.Release|Any CPU.ActiveCfg = Release|Any CPU
		{A3B05B03-0938-4052-9A0E-C591DF85CF25}.Release|Any CPU.Build.0 = Release|Any CPU
		{C9CF5C63-DADB-4C9B-825A-C591196CEC04}.Debug|Any CPU.ActiveCfg = Debug|Any CPU
		{C9CF5C63-DADB-4C9B-825A-C591196CEC04}.Debug|Any CPU.Build.0 = Debug|Any CPU
		{C9CF5C63-DADB-4C9B-825A-C591196CEC04}.Release|Any CPU.ActiveCfg = Release|Any CPU
		{C9CF5C63-DADB-4C9B-825A-C591196CEC04}.Release|Any CPU.Build.0 = Release|Any CPU
		{49E60C59-12BD-4A27-98B2-2E7DF055C3D3}.Debug|Any CPU.ActiveCfg = Debug|Any CPU
		{49E60C59-12BD-4A27-98B2-2E7DF055C3D3}.Debug|Any CPU.Build.0 = Debug|Any CPU
		{49E60C59-12BD-4A27-98B2-2E7DF055C3D3}.Release|Any CPU.ActiveCfg = Release|Any CPU
		{49E60C59-12BD-4A27-98B2-2E7DF055C3D3}.Release|Any CPU.Build.0 = Release|Any CPU
	EndGlobalSection
	GlobalSection(SolutionProperties) = preSolution
		HideSolutionNode = FALSE
	EndGlobalSection
EndGlobal
